{
    "name": "@paperbits/newrelic",
    "version": "1.0.2",
    "lockfileVersion": 2,
    "requires": true,
    "packages": {
        "": {
            "name": "@paperbits/newrelic",
            "version": "1.0.2",
            "license": "MIT",
            "dependencies": {
                "@paperbits/common": "0.1.307"
            }
        },
        "node_modules/@paperbits/common": {
            "version": "0.1.307",
            "resolved": "https://registry.npmjs.org/@paperbits/common/-/common-0.1.307.tgz",
            "integrity": "sha512-sRxsphdWTsyUc9Vc4C9tPaThlQ/kJELsDGZPiMzFAnL0/RZa8Qx15Kqpklr42SwAvjfEaTW+O/ZJjRzeRQ63sg==",
            "dependencies": {
                "deepmerge": "^4.2.2",
                "domino": "^2.1.4",
                "html2plaintext": "^2.1.2",
                "immutable": "^3.8.2",
                "inversify": "^5.0.1",
                "knockout": "^3.5.1",
                "lodash": "^4.17.15",
                "lunr": "^2.3.8",
                "moment": "^2.24.0",
                "reflect-metadata": "^0.1.13",
                "vue": "^2.6.11",
                "xhr2": "^0.2.0"
            }
        },
        "node_modules/boolbase": {
            "version": "1.0.0",
            "resolved": "https://registry.npmjs.org/boolbase/-/boolbase-1.0.0.tgz",
            "integrity": "sha1-aN/1++YMUes3cl6p4+0xDcwed24="
        },
        "node_modules/cheerio": {
            "version": "1.0.0-rc.10",
            "resolved": "https://registry.npmjs.org/cheerio/-/cheerio-1.0.0-rc.10.tgz",
            "integrity": "sha512-g0J0q/O6mW8z5zxQ3A8E8J1hUgp4SMOvEoW/x84OwyHKe/Zccz83PVT4y5Crcr530FV6NgmKI1qvGTKVl9XXVw==",
            "dependencies": {
                "cheerio-select": "^1.5.0",
                "dom-serializer": "^1.3.2",
                "domhandler": "^4.2.0",
                "htmlparser2": "^6.1.0",
                "parse5": "^6.0.1",
                "parse5-htmlparser2-tree-adapter": "^6.0.1",
                "tslib": "^2.2.0"
            },
            "engines": {
                "node": ">= 6"
            },
            "funding": {
                "url": "https://github.com/cheeriojs/cheerio?sponsor=1"
            }
        },
        "node_modules/cheerio-select": {
            "version": "1.6.0",
            "resolved": "https://registry.npmjs.org/cheerio-select/-/cheerio-select-1.6.0.tgz",
            "integrity": "sha512-eq0GdBvxVFbqWgmCm7M3XGs1I8oLy/nExUnh6oLqmBditPO9AqQJrkslDpMun/hZ0yyTs8L0m85OHp4ho6Qm9g==",
            "dependencies": {
                "css-select": "^4.3.0",
                "css-what": "^6.0.1",
                "domelementtype": "^2.2.0",
                "domhandler": "^4.3.1",
                "domutils": "^2.8.0"
            },
            "funding": {
                "url": "https://github.com/sponsors/fb55"
            }
        },
        "node_modules/css-select": {
            "version": "4.3.0",
            "resolved": "https://registry.npmjs.org/css-select/-/css-select-4.3.0.tgz",
            "integrity": "sha512-wPpOYtnsVontu2mODhA19JrqWxNsfdatRKd64kmpRbQgh1KtItko5sTnEpPdpSaJszTOhEMlF/RPz28qj4HqhQ==",
            "dependencies": {
                "boolbase": "^1.0.0",
                "css-what": "^6.0.1",
                "domhandler": "^4.3.1",
                "domutils": "^2.8.0",
                "nth-check": "^2.0.1"
            },
            "funding": {
                "url": "https://github.com/sponsors/fb55"
            }
        },
        "node_modules/css-what": {
            "version": "6.1.0",
            "resolved": "https://registry.npmjs.org/css-what/-/css-what-6.1.0.tgz",
            "integrity": "sha512-HTUrgRJ7r4dsZKU6GjmpfRK1O76h97Z8MfS1G0FozR+oF2kG6Vfe8JE6zwrkbxigziPHinCJ+gCPjA9EaBDtRw==",
            "engines": {
                "node": ">= 6"
            },
            "funding": {
                "url": "https://github.com/sponsors/fb55"
            }
        },
        "node_modules/deepmerge": {
            "version": "4.2.2",
            "resolved": "https://registry.npmjs.org/deepmerge/-/deepmerge-4.2.2.tgz",
            "integrity": "sha512-FJ3UgI4gIl+PHZm53knsuSFpE+nESMr7M4v9QcgB7S63Kj/6WqMiFQJpBBYz1Pt+66bZpP3Q7Lye0Oo9MPKEdg==",
            "engines": {
                "node": ">=0.10.0"
            }
        },
        "node_modules/dom-serializer": {
            "version": "1.4.1",
            "resolved": "https://registry.npmjs.org/dom-serializer/-/dom-serializer-1.4.1.tgz",
            "integrity": "sha512-VHwB3KfrcOOkelEG2ZOfxqLZdfkil8PtJi4P8N2MMXucZq2yLp75ClViUlOVwyoHEDjYU433Aq+5zWP61+RGag==",
            "dependencies": {
                "domelementtype": "^2.0.1",
                "domhandler": "^4.2.0",
                "entities": "^2.0.0"
            },
            "funding": {
                "url": "https://github.com/cheeriojs/dom-serializer?sponsor=1"
            }
        },
        "node_modules/domelementtype": {
            "version": "2.3.0",
            "resolved": "https://registry.npmjs.org/domelementtype/-/domelementtype-2.3.0.tgz",
            "integrity": "sha512-OLETBj6w0OsagBwdXnPdN0cnMfF9opN69co+7ZrbfPGrdpPVNBUj02spi6B1N7wChLQiPn4CSH/zJvXw56gmHw==",
            "funding": [
                {
                    "type": "github",
                    "url": "https://github.com/sponsors/fb55"
                }
            ]
        },
        "node_modules/domhandler": {
            "version": "4.3.1",
            "resolved": "https://registry.npmjs.org/domhandler/-/domhandler-4.3.1.tgz",
            "integrity": "sha512-GrwoxYN+uWlzO8uhUXRl0P+kHE4GtVPfYzVLcUxPL7KNdHKj66vvlhiweIHqYYXWlw+T8iLMp42Lm67ghw4WMQ==",
            "dependencies": {
                "domelementtype": "^2.2.0"
            },
            "engines": {
                "node": ">= 4"
            },
            "funding": {
                "url": "https://github.com/fb55/domhandler?sponsor=1"
            }
        },
        "node_modules/domino": {
            "version": "2.1.6",
            "resolved": "https://registry.npmjs.org/domino/-/domino-2.1.6.tgz",
            "integrity": "sha512-3VdM/SXBZX2omc9JF9nOPCtDaYQ67BGp5CoLpIQlO2KCAPETs8TcDHacF26jXadGbvUteZzRTeos2fhID5+ucQ=="
        },
        "node_modules/domutils": {
            "version": "2.8.0",
            "resolved": "https://registry.npmjs.org/domutils/-/domutils-2.8.0.tgz",
            "integrity": "sha512-w96Cjofp72M5IIhpjgobBimYEfoPjx1Vx0BSX9P30WBdZW2WIKU0T1Bd0kz2eNZ9ikjKgHbEyKx8BB6H1L3h3A==",
            "dependencies": {
                "dom-serializer": "^1.0.1",
                "domelementtype": "^2.2.0",
                "domhandler": "^4.2.0"
            },
            "funding": {
                "url": "https://github.com/fb55/domutils?sponsor=1"
            }
        },
        "node_modules/entities": {
            "version": "2.2.0",
            "resolved": "https://registry.npmjs.org/entities/-/entities-2.2.0.tgz",
            "integrity": "sha512-p92if5Nz619I0w+akJrLZH0MX0Pb5DX39XOwQTtXSdQQOaYH03S1uIQp4mhOZtAXrxq4ViO67YTiLBo2638o9A==",
            "funding": {
                "url": "https://github.com/fb55/entities?sponsor=1"
            }
        },
        "node_modules/he": {
            "version": "1.2.0",
            "resolved": "https://registry.npmjs.org/he/-/he-1.2.0.tgz",
            "integrity": "sha512-F/1DnUGPopORZi0ni+CvrCgHQ5FyEAHRLSApuYWMmrbSwoN2Mn/7k+Gl38gJnR7yyDZk6WLXwiGod1JOWNDKGw==",
            "bin": {
                "he": "bin/he"
            }
        },
        "node_modules/html2plaintext": {
            "version": "2.1.4",
            "resolved": "https://registry.npmjs.org/html2plaintext/-/html2plaintext-2.1.4.tgz",
            "integrity": "sha512-kigGyxhh85E5SgKd3ilyKy9VTUgMTsEn3ex4cZcXBX47cACAWHgmOPbSVd05msM6RpOi5o+2nWrK5OhAQQWEsg==",
            "dependencies": {
                "cheerio": "1.0.0-rc.10",
                "he": "1.2.0",
                "plumb": "0.1.0"
            }
        },
        "node_modules/htmlparser2": {
            "version": "6.1.0",
            "resolved": "https://registry.npmjs.org/htmlparser2/-/htmlparser2-6.1.0.tgz",
            "integrity": "sha512-gyyPk6rgonLFEDGoeRgQNaEUvdJ4ktTmmUh/h2t7s+M8oPpIPxgNACWa+6ESR57kXstwqPiCut0V8NRpcwgU7A==",
            "funding": [
                "https://github.com/fb55/htmlparser2?sponsor=1",
                {
                    "type": "github",
                    "url": "https://github.com/sponsors/fb55"
                }
            ],
            "dependencies": {
                "domelementtype": "^2.0.1",
                "domhandler": "^4.0.0",
                "domutils": "^2.5.2",
                "entities": "^2.0.0"
            }
        },
        "node_modules/immutable": {
            "version": "3.8.2",
            "resolved": "https://registry.npmjs.org/immutable/-/immutable-3.8.2.tgz",
            "integrity": "sha1-wkOZUUVbs5kT2vKBN28VMOEErfM=",
            "engines": {
                "node": ">=0.10.0"
            }
        },
        "node_modules/inversify": {
            "version": "5.0.1",
            "resolved": "https://registry.npmjs.org/inversify/-/inversify-5.0.1.tgz",
            "integrity": "sha512-Ieh06s48WnEYGcqHepdsJUIJUXpwH5o5vodAX+DK2JA/gjy4EbEcQZxw+uFfzysmKjiLXGYwNG3qDZsKVMcINQ=="
        },
        "node_modules/knockout": {
            "version": "3.5.1",
            "resolved": "https://registry.npmjs.org/knockout/-/knockout-3.5.1.tgz",
            "integrity": "sha512-wRJ9I4az0QcsH7A4v4l0enUpkS++MBx0BnL/68KaLzJg7x1qmbjSlwEoCNol7KTYZ+pmtI7Eh2J0Nu6/2Z5J/Q=="
        },
        "node_modules/lodash": {
            "version": "4.17.21",
            "resolved": "https://registry.npmjs.org/lodash/-/lodash-4.17.21.tgz",
            "integrity": "sha512-v2kDEe57lecTulaDIuNTPy3Ry4gLGJ6Z1O3vE1krgXZNrsQ+LFTGHVxVjcXPs17LhbZVGedAJv8XZ1tvj5FvSg=="
        },
        "node_modules/lunr": {
            "version": "2.3.8",
            "resolved": "https://registry.npmjs.org/lunr/-/lunr-2.3.8.tgz",
            "integrity": "sha512-oxMeX/Y35PNFuZoHp+jUj5OSEmLCaIH4KTFJh7a93cHBoFmpw2IoPs22VIz7vyO2YUnx2Tn9dzIwO2P/4quIRg=="
        },
        "node_modules/moment": {
            "version": "2.29.3",
            "resolved": "https://registry.npmjs.org/moment/-/moment-2.29.3.tgz",
            "integrity": "sha512-c6YRvhEo//6T2Jz/vVtYzqBzwvPT95JBQ+smCytzf7c50oMZRsR/a4w88aD34I+/QVSfnoAnSBFPJHItlOMJVw==",
            "engines": {
                "node": "*"
            }
        },
        "node_modules/nth-check": {
            "version": "2.0.1",
            "resolved": "https://registry.npmjs.org/nth-check/-/nth-check-2.0.1.tgz",
            "integrity": "sha512-it1vE95zF6dTT9lBsYbxvqh0Soy4SPowchj0UBGj/V6cTPnXXtQOPUbhZ6CmGzAD/rW22LQK6E96pcdJXk4A4w==",
            "dependencies": {
                "boolbase": "^1.0.0"
            },
            "funding": {
                "url": "https://github.com/fb55/nth-check?sponsor=1"
            }
        },
        "node_modules/parse5": {
            "version": "6.0.1",
            "resolved": "https://registry.npmjs.org/parse5/-/parse5-6.0.1.tgz",
            "integrity": "sha512-Ofn/CTFzRGTTxwpNEs9PP93gXShHcTq255nzRYSKe8AkVpZY7e1fpmTfOyoIvjP5HG7Z2ZM7VS9PPhQGW2pOpw=="
        },
        "node_modules/parse5-htmlparser2-tree-adapter": {
            "version": "6.0.1",
            "resolved": "https://registry.npmjs.org/parse5-htmlparser2-tree-adapter/-/parse5-htmlparser2-tree-adapter-6.0.1.tgz",
            "integrity": "sha512-qPuWvbLgvDGilKc5BoicRovlT4MtYT6JfJyBOMDsKoiT+GiuP5qyrPCnR9HcPECIJJmZh5jRndyNThnhhb/vlA==",
            "dependencies": {
                "parse5": "^6.0.1"
            }
        },
        "node_modules/plumb": {
            "version": "0.1.0",
            "resolved": "https://registry.npmjs.org/plumb/-/plumb-0.1.0.tgz",
            "integrity": "sha1-TFd5ClCWkoMv2/EN+t3XlIxctXQ="
        },
        "node_modules/reflect-metadata": {
            "version": "0.1.13",
            "resolved": "https://registry.npmjs.org/reflect-metadata/-/reflect-metadata-0.1.13.tgz",
            "integrity": "sha512-Ts1Y/anZELhSsjMcU605fU9RE4Oi3p5ORujwbIKXfWa+0Zxs510Qrmrce5/Jowq3cHSZSJqBjypxmHarc+vEWg=="
        },
        "node_modules/tslib": {
            "version": "2.3.1",
            "resolved": "https://registry.npmjs.org/tslib/-/tslib-2.3.1.tgz",
            "integrity": "sha512-77EbyPPpMz+FRFRuAFlWMtmgUWGe9UOG2Z25NqCwiIjRhOf5iKGuzSe5P2w1laq+FkRy4p+PCuVkJSGkzTEKVw=="
        },
        "node_modules/vue": {
            "version": "2.6.11",
            "resolved": "https://registry.npmjs.org/vue/-/vue-2.6.11.tgz",
            "integrity": "sha512-VfPwgcGABbGAue9+sfrD4PuwFar7gPb1yl1UK1MwXoQPAw0BKSqWfoYCT/ThFrdEVWoI51dBuyCoiNU9bZDZxQ=="
        },
        "node_modules/xhr2": {
            "version": "0.2.0",
            "resolved": "https://registry.npmjs.org/xhr2/-/xhr2-0.2.0.tgz",
            "integrity": "sha512-BDtiD0i2iKPK/S8OAZfpk6tyzEDnKKSjxWHcMBVmh+LuqJ8A32qXTyOx+TVOg2dKvq6zGBq2sgKPkEeRs1qTRA==",
            "engines": {
                "node": ">= 6"
            }
        }
    },
    "dependencies": {
        "@paperbits/common": {
            "version": "0.1.307",
            "resolved": "https://registry.npmjs.org/@paperbits/common/-/common-0.1.307.tgz",
            "integrity": "sha512-sRxsphdWTsyUc9Vc4C9tPaThlQ/kJELsDGZPiMzFAnL0/RZa8Qx15Kqpklr42SwAvjfEaTW+O/ZJjRzeRQ63sg==",
            "requires": {
                "deepmerge": "^4.2.2",
                "domino": "^2.1.4",
                "html2plaintext": "^2.1.2",
                "immutable": "^3.8.2",
                "inversify": "^5.0.1",
                "knockout": "^3.5.1",
                "lodash": "^4.17.15",
                "lunr": "^2.3.8",
                "moment": "^2.24.0",
                "reflect-metadata": "^0.1.13",
                "vue": "^2.6.11",
                "xhr2": "^0.2.0"
            }
        },
        "boolbase": {
            "version": "1.0.0",
            "resolved": "https://registry.npmjs.org/boolbase/-/boolbase-1.0.0.tgz",
            "integrity": "sha1-aN/1++YMUes3cl6p4+0xDcwed24="
        },
        "cheerio": {
            "version": "1.0.0-rc.10",
            "resolved": "https://registry.npmjs.org/cheerio/-/cheerio-1.0.0-rc.10.tgz",
            "integrity": "sha512-g0J0q/O6mW8z5zxQ3A8E8J1hUgp4SMOvEoW/x84OwyHKe/Zccz83PVT4y5Crcr530FV6NgmKI1qvGTKVl9XXVw==",
            "requires": {
                "cheerio-select": "^1.5.0",
                "dom-serializer": "^1.3.2",
                "domhandler": "^4.2.0",
                "htmlparser2": "^6.1.0",
                "parse5": "^6.0.1",
                "parse5-htmlparser2-tree-adapter": "^6.0.1",
                "tslib": "^2.2.0"
            }
        },
        "cheerio-select": {
            "version": "1.6.0",
            "resolved": "https://registry.npmjs.org/cheerio-select/-/cheerio-select-1.6.0.tgz",
            "integrity": "sha512-eq0GdBvxVFbqWgmCm7M3XGs1I8oLy/nExUnh6oLqmBditPO9AqQJrkslDpMun/hZ0yyTs8L0m85OHp4ho6Qm9g==",
            "requires": {
                "css-select": "^4.3.0",
                "css-what": "^6.0.1",
                "domelementtype": "^2.2.0",
                "domhandler": "^4.3.1",
                "domutils": "^2.8.0"
            }
        },
        "css-select": {
            "version": "4.3.0",
            "resolved": "https://registry.npmjs.org/css-select/-/css-select-4.3.0.tgz",
            "integrity": "sha512-wPpOYtnsVontu2mODhA19JrqWxNsfdatRKd64kmpRbQgh1KtItko5sTnEpPdpSaJszTOhEMlF/RPz28qj4HqhQ==",
            "requires": {
                "boolbase": "^1.0.0",
                "css-what": "^6.0.1",
                "domhandler": "^4.3.1",
                "domutils": "^2.8.0",
                "nth-check": "^2.0.1"
            }
        },
        "css-what": {
            "version": "6.1.0",
            "resolved": "https://registry.npmjs.org/css-what/-/css-what-6.1.0.tgz",
            "integrity": "sha512-HTUrgRJ7r4dsZKU6GjmpfRK1O76h97Z8MfS1G0FozR+oF2kG6Vfe8JE6zwrkbxigziPHinCJ+gCPjA9EaBDtRw=="
        },
        "deepmerge": {
            "version": "4.2.2",
            "resolved": "https://registry.npmjs.org/deepmerge/-/deepmerge-4.2.2.tgz",
            "integrity": "sha512-FJ3UgI4gIl+PHZm53knsuSFpE+nESMr7M4v9QcgB7S63Kj/6WqMiFQJpBBYz1Pt+66bZpP3Q7Lye0Oo9MPKEdg=="
        },
        "dom-serializer": {
            "version": "1.4.1",
            "resolved": "https://registry.npmjs.org/dom-serializer/-/dom-serializer-1.4.1.tgz",
            "integrity": "sha512-VHwB3KfrcOOkelEG2ZOfxqLZdfkil8PtJi4P8N2MMXucZq2yLp75ClViUlOVwyoHEDjYU433Aq+5zWP61+RGag==",
            "requires": {
                "domelementtype": "^2.0.1",
                "domhandler": "^4.2.0",
                "entities": "^2.0.0"
            }
        },
        "domelementtype": {
            "version": "2.3.0",
            "resolved": "https://registry.npmjs.org/domelementtype/-/domelementtype-2.3.0.tgz",
            "integrity": "sha512-OLETBj6w0OsagBwdXnPdN0cnMfF9opN69co+7ZrbfPGrdpPVNBUj02spi6B1N7wChLQiPn4CSH/zJvXw56gmHw=="
        },
        "domhandler": {
            "version": "4.3.1",
            "resolved": "https://registry.npmjs.org/domhandler/-/domhandler-4.3.1.tgz",
            "integrity": "sha512-GrwoxYN+uWlzO8uhUXRl0P+kHE4GtVPfYzVLcUxPL7KNdHKj66vvlhiweIHqYYXWlw+T8iLMp42Lm67ghw4WMQ==",
            "requires": {
                "domelementtype": "^2.2.0"
            }
        },
        "domino": {
            "version": "2.1.6",
            "resolved": "https://registry.npmjs.org/domino/-/domino-2.1.6.tgz",
            "integrity": "sha512-3VdM/SXBZX2omc9JF9nOPCtDaYQ67BGp5CoLpIQlO2KCAPETs8TcDHacF26jXadGbvUteZzRTeos2fhID5+ucQ=="
        },
        "domutils": {
            "version": "2.8.0",
            "resolved": "https://registry.npmjs.org/domutils/-/domutils-2.8.0.tgz",
            "integrity": "sha512-w96Cjofp72M5IIhpjgobBimYEfoPjx1Vx0BSX9P30WBdZW2WIKU0T1Bd0kz2eNZ9ikjKgHbEyKx8BB6H1L3h3A==",
            "requires": {
                "dom-serializer": "^1.0.1",
                "domelementtype": "^2.2.0",
                "domhandler": "^4.2.0"
            }
        },
        "entities": {
            "version": "2.2.0",
            "resolved": "https://registry.npmjs.org/entities/-/entities-2.2.0.tgz",
            "integrity": "sha512-p92if5Nz619I0w+akJrLZH0MX0Pb5DX39XOwQTtXSdQQOaYH03S1uIQp4mhOZtAXrxq4ViO67YTiLBo2638o9A=="
        },
        "he": {
            "version": "1.2.0",
            "resolved": "https://registry.npmjs.org/he/-/he-1.2.0.tgz",
            "integrity": "sha512-F/1DnUGPopORZi0ni+CvrCgHQ5FyEAHRLSApuYWMmrbSwoN2Mn/7k+Gl38gJnR7yyDZk6WLXwiGod1JOWNDKGw=="
        },
        "html2plaintext": {
            "version": "2.1.4",
            "resolved": "https://registry.npmjs.org/html2plaintext/-/html2plaintext-2.1.4.tgz",
            "integrity": "sha512-kigGyxhh85E5SgKd3ilyKy9VTUgMTsEn3ex4cZcXBX47cACAWHgmOPbSVd05msM6RpOi5o+2nWrK5OhAQQWEsg==",
            "requires": {
                "cheerio": "1.0.0-rc.10",
                "he": "1.2.0",
                "plumb": "0.1.0"
            }
        },
        "htmlparser2": {
            "version": "6.1.0",
            "resolved": "https://registry.npmjs.org/htmlparser2/-/htmlparser2-6.1.0.tgz",
            "integrity": "sha512-gyyPk6rgonLFEDGoeRgQNaEUvdJ4ktTmmUh/h2t7s+M8oPpIPxgNACWa+6ESR57kXstwqPiCut0V8NRpcwgU7A==",
            "requires": {
                "domelementtype": "^2.0.1",
                "domhandler": "^4.0.0",
                "domutils": "^2.5.2",
                "entities": "^2.0.0"
            }
        },
        "immutable": {
            "version": "3.8.2",
            "resolved": "https://registry.npmjs.org/immutable/-/immutable-3.8.2.tgz",
            "integrity": "sha1-wkOZUUVbs5kT2vKBN28VMOEErfM="
        },
        "inversify": {
            "version": "5.0.1",
            "resolved": "https://registry.npmjs.org/inversify/-/inversify-5.0.1.tgz",
            "integrity": "sha512-Ieh06s48WnEYGcqHepdsJUIJUXpwH5o5vodAX+DK2JA/gjy4EbEcQZxw+uFfzysmKjiLXGYwNG3qDZsKVMcINQ=="
        },
        "knockout": {
            "version": "3.5.1",
            "resolved": "https://registry.npmjs.org/knockout/-/knockout-3.5.1.tgz",
            "integrity": "sha512-wRJ9I4az0QcsH7A4v4l0enUpkS++MBx0BnL/68KaLzJg7x1qmbjSlwEoCNol7KTYZ+pmtI7Eh2J0Nu6/2Z5J/Q=="
        },
        "lodash": {
            "version": "4.17.21",
            "resolved": "https://registry.npmjs.org/lodash/-/lodash-4.17.21.tgz",
            "integrity": "sha512-v2kDEe57lecTulaDIuNTPy3Ry4gLGJ6Z1O3vE1krgXZNrsQ+LFTGHVxVjcXPs17LhbZVGedAJv8XZ1tvj5FvSg=="
        },
        "lunr": {
            "version": "2.3.8",
            "resolved": "https://registry.npmjs.org/lunr/-/lunr-2.3.8.tgz",
            "integrity": "sha512-oxMeX/Y35PNFuZoHp+jUj5OSEmLCaIH4KTFJh7a93cHBoFmpw2IoPs22VIz7vyO2YUnx2Tn9dzIwO2P/4quIRg=="
        },
        "moment": {
            "version": "2.29.3",
            "resolved": "https://registry.npmjs.org/moment/-/moment-2.29.3.tgz",
            "integrity": "sha512-c6YRvhEo//6T2Jz/vVtYzqBzwvPT95JBQ+smCytzf7c50oMZRsR/a4w88aD34I+/QVSfnoAnSBFPJHItlOMJVw=="
        },
        "nth-check": {
            "version": "2.0.1",
            "resolved": "https://registry.npmjs.org/nth-check/-/nth-check-2.0.1.tgz",
            "integrity": "sha512-it1vE95zF6dTT9lBsYbxvqh0Soy4SPowchj0UBGj/V6cTPnXXtQOPUbhZ6CmGzAD/rW22LQK6E96pcdJXk4A4w==",
            "requires": {
                "boolbase": "^1.0.0"
            }
        },
        "parse5": {
            "version": "6.0.1",
            "resolved": "https://registry.npmjs.org/parse5/-/parse5-6.0.1.tgz",
            "integrity": "sha512-Ofn/CTFzRGTTxwpNEs9PP93gXShHcTq255nzRYSKe8AkVpZY7e1fpmTfOyoIvjP5HG7Z2ZM7VS9PPhQGW2pOpw=="
        },
        "parse5-htmlparser2-tree-adapter": {
            "version": "6.0.1",
            "resolved": "https://registry.npmjs.org/parse5-htmlparser2-tree-adapter/-/parse5-htmlparser2-tree-adapter-6.0.1.tgz",
            "integrity": "sha512-qPuWvbLgvDGilKc5BoicRovlT4MtYT6JfJyBOMDsKoiT+GiuP5qyrPCnR9HcPECIJJmZh5jRndyNThnhhb/vlA==",
            "requires": {
                "parse5": "^6.0.1"
            }
        },
        "plumb": {
            "version": "0.1.0",
            "resolved": "https://registry.npmjs.org/plumb/-/plumb-0.1.0.tgz",
            "integrity": "sha1-TFd5ClCWkoMv2/EN+t3XlIxctXQ="
        },
        "reflect-metadata": {
            "version": "0.1.13",
            "resolved": "https://registry.npmjs.org/reflect-metadata/-/reflect-metadata-0.1.13.tgz",
            "integrity": "sha512-Ts1Y/anZELhSsjMcU605fU9RE4Oi3p5ORujwbIKXfWa+0Zxs510Qrmrce5/Jowq3cHSZSJqBjypxmHarc+vEWg=="
        },
        "tslib": {
            "version": "2.3.1",
            "resolved": "https://registry.npmjs.org/tslib/-/tslib-2.3.1.tgz",
            "integrity": "sha512-77EbyPPpMz+FRFRuAFlWMtmgUWGe9UOG2Z25NqCwiIjRhOf5iKGuzSe5P2w1laq+FkRy4p+PCuVkJSGkzTEKVw=="
        },
        "vue": {
            "version": "2.6.11",
            "resolved": "https://registry.npmjs.org/vue/-/vue-2.6.11.tgz",
            "integrity": "sha512-VfPwgcGABbGAue9+sfrD4PuwFar7gPb1yl1UK1MwXoQPAw0BKSqWfoYCT/ThFrdEVWoI51dBuyCoiNU9bZDZxQ=="
        },
        "xhr2": {
            "version": "0.2.0",
            "resolved": "https://registry.npmjs.org/xhr2/-/xhr2-0.2.0.tgz",
            "integrity": "sha512-BDtiD0i2iKPK/S8OAZfpk6tyzEDnKKSjxWHcMBVmh+LuqJ8A32qXTyOx+TVOg2dKvq6zGBq2sgKPkEeRs1qTRA=="
        }
    }
}
